// !$*UTF8*$!
{
	archiveVersion = 1;
	classes = {
	};
	objectVersion = 46;
	objects = {

/* Begin PBXBuildFile section */
		F3483E771F27FAC2006C0098 /* AppDelegate.swift in Sources */ = {isa = PBXBuildFile; fileRef = F3483E761F27FAC2006C0098 /* AppDelegate.swift */; };
		F3483E791F27FAC2006C0098 /* ViewController.swift in Sources */ = {isa = PBXBuildFile; fileRef = F3483E781F27FAC2006C0098 /* ViewController.swift */; };
		F3483E7C1F27FAC2006C0098 /* Main.storyboard in Resources */ = {isa = PBXBuildFile; fileRef = F3483E7A1F27FAC2006C0098 /* Main.storyboard */; };
		F3483E7E1F27FAC2006C0098 /* Assets.xcassets in Resources */ = {isa = PBXBuildFile; fileRef = F3483E7D1F27FAC2006C0098 /* Assets.xcassets */; };
		F3483E811F27FAC2006C0098 /* LaunchScreen.storyboard in Resources */ = {isa = PBXBuildFile; fileRef = F3483E7F1F27FAC2006C0098 /* LaunchScreen.storyboard */; };
		F3483E891F280950006C0098 /* ZOOM0001_Tr1.WAV in Resources */ = {isa = PBXBuildFile; fileRef = F3483E881F280950006C0098 /* ZOOM0001_Tr1.WAV */; };
/* End PBXBuildFile section */

/* Begin PBXFileReference section */
		F3483E731F27FAC2006C0098 /* 3daudio2.app */ = {isa = PBXFileReference; explicitFileType = wrapper.application; includeInIndex = 0; path = 3daudio2.app; sourceTree = BUILT_PRODUCTS_DIR; };
		F3483E761F27FAC2006C0098 /* AppDelegate.swift */ = {isa = PBXFileReference; lastKnownFileType = sourcecode.swift; path = AppDelegate.swift; sourceTree = "<group>"; };
		F3483E781F27FAC2006C0098 /* ViewController.swift */ = {isa = PBXFileReference; lastKnownFileType = sourcecode.swift; path = ViewController.swift; sourceTree = "<group>"; };
		F3483E7B1F27FAC2006C0098 /* Base */ = {isa = PBXFileReference; lastKnownFileType = file.storyboard; name = Base; path = Base.lproj/Main.storyboard; sourceTree = "<group>"; };
		F3483E7D1F27FAC2006C0098 /* Assets.xcassets */ = {isa = PBXFileReference; lastKnownFileType = folder.assetcatalog; path = Assets.xcassets; sourceTree = "<group>"; };
		F3483E801F27FAC2006C0098 /* Base */ = {isa = PBXFileReference; lastKnownFileType = file.storyboard; name = Base; path = Base.lproj/LaunchScreen.storyboard; sourceTree = "<group>"; };
		F3483E821F27FAC2006C0098 /* Info.plist */ = {isa = PBXFileReference; lastKnownFileType = text.plist.xml; path = Info.plist; sourceTree = "<group>"; };
		F3483E881F280950006C0098 /* ZOOM0001_Tr1.WAV */ = {isa = PBXFileReference; lastKnownFileType = audio.wav; path = ZOOM0001_Tr1.WAV; sourceTree = "<group>"; };
/* End PBXFileReference section */

/* Begin PBXFrameworksBuildPhase section */
		F3483E701F27FAC2006C0098 /* Frameworks */ = {
			isa = PBXFrameworksBuildPhase;
			buildActionMask = 2147483647;
			files = (
			);
			runOnlyForDeploymentPostprocessing = 0;
		};
/* End PBXFrameworksBuildPhase section */

/* Begin PBXGroup section */
		F3483E6A1F27FAC2006C0098 = {
			isa = PBXGroup;
			children = (
				F3483E751F27FAC2006C0098 /* 3daudio2 */,
				F3483E741F27FAC2006C0098 /* Products */,
			);
			sourceTree = "<group>";
		};
		F3483E741F27FAC2006C0098 /* Products */ = {
			isa = PBXGroup;
			children = (
				F3483E731F27FAC2006C0098 /* 3daudio2.app */,
			);
			name = Products;
			sourceTree = "<group>";
		};
		F3483E751F27FAC2006C0098 /* 3daudio2 */ = {
			isa = PBXGroup;
			children = (
				F3483E881F280950006C0098 /* ZOOM0001_Tr1.WAV */,
				F3483E761F27FAC2006C0098 /* AppDelegate.swift */,
				F3483E781F27FAC2006C0098 /* ViewController.swift */,
				F3483E7A1F27FAC2006C0098 /* Main.storyboard */,
				F3483E7D1F27FAC2006C0098 /* Assets.xcassets */,
				F3483E7F1F27FAC2006C0098 /* LaunchScreen.storyboard */,
				F3483E821F27FAC2006C0098 /* Info.plist */,
			);
			path = 3daudio2;
			sourceTree = "<group>";
		};
/* End PBXGroup section */

/* Begin PBXNativeTarget section */
		F3483E721F27FAC2006C0098 /* 3daudio2 */ = {
			isa = PBXNativeTarget;
			buildConfigurationList = F3483E851F27FAC2006C0098 /* Build configuration list for PBXNativeTarget "3daudio2" */;
			buildPhases = (
				F3483E6F1F27FAC2006C0098 /* Sources */,
				F3483E701F27FAC2006C0098 /* Frameworks */,
				F3483E711F27FAC2006C0098 /* Resources */,
			);
			buildRules = (
			);
			dependencies = (
			);
			name = 3daudio2;
			productName = 3daudio2;
			productReference = F3483E731F27FAC2006C0098 /* 3daudio2.app */;
			productType = "com.apple.product-type.application";
		};
/* End PBXNativeTarget section */

/* Begin PBXProject section */
		F3483E6B1F27FAC2006C0098 /* Project object */ = {
			isa = PBXProject;
			attributes = {
				LastSwiftUpdateCheck = 0830;
				LastUpgradeCheck = 0830;
				ORGANIZATIONNAME = "Eileen Li";
				TargetAttributes = {
					F3483E721F27FAC2006C0098 = {
						CreatedOnToolsVersion = 8.3.3;
						ProvisioningStyle = Automatic;
					};
				};
			};
			buildConfigurationList = F3483E6E1F27FAC2006C0098 /* Build configuration list for PBXProject "3daudio2" */;
			compatibilityVersion = "Xcode 3.2";
			developmentRegion = English;
			hasScannedForEncodings = 0;
			knownRegions = (
				en,
				Base,
			);
			mainGroup = F3483E6A1F27FAC2006C0098;
			productRefGroup = F3483E741F27FAC2006C0098 /* Products */;
			projectDirPath = "";
			projectRoot = "";
			targets = (
				F3483E721F27FAC2006C0098 /* 3daudio2 */,
			);
		};
/* End PBXProject section */

/* Begin PBXResourcesBuildPhase section */
		F3483E711F27FAC2006C0098 /* Resources */ = {
			isa = PBXResourcesBuildPhase;
			buildActionMask = 2147483647;
			files = (
				F3483E891F280950006C0098 /* ZOOM0001_Tr1.WAV in Resources */,
				F3483E811F27FAC2006C0098 /* LaunchScreen.storyboard in Resources */,
				F3483E7E1F27FAC2006C0098 /* Assets.xcassets in Resources */,
				F3483E7C1F27FAC2006C0098 /* Main.storyboard in Resources */,
			);
			runOnlyForDeploymentPostprocessing = 0;
		};
/* End PBXResourcesBuildPhase section */

/* Begin PBXSourcesBuildPhase section */
		F3483E6F1F27FAC2006C0098 /* Sources */ = {
			isa = PBXSourcesBuildPhase;
			buildActionMask = 2147483647;
			files = (
				F3483E791F27FAC2006C0098 /* ViewController.swift in Sources */,
				F3483E771F27FAC2006C0098 /* AppDelegate.swift in Sources */,
			);
			runOnlyForDeploymentPostprocessing = 0;
		};
/* End PBXSourcesBuildPhase section */

/* Begin PBXVariantGroup section */
		F3483E7A1F27FAC2006C0098 /* Main.storyboard */ = {
			isa = PBXVariantGroup;
			children = (
				F3483E7B1F27FAC2006C0098 /* Base */,
			);
			name = Main.storyboard;
			sourceTree = "<group>";
		};
		F3483E7F1F27FAC2006C0098 /* LaunchScreen.storyboard */ = {
			isa = PBXVariantGroup;
			children = (
				F3483E801F27FAC2006C0098 /* Base */,
			);
			name = LaunchScreen.storyboard;
			sourceTree = "<group>";
		};
/* End PBXVariantGroup section */

/* Begin XCBuildConfiguration section */
		F3483E831F27FAC2006C0098 /* Debug */ = {
			isa = XCBuildConfiguration;
			buildSettings = {
				ALWAYS_SEARCH_USER_PATHS = NO;
				CLANG_ANALYZER_NONNULL = YES;
				CLANG_ANALYZER_NUMBER_OBJECT_CONVERSION = YES_AGGRESSIVE;
				CLANG_CXX_LANGUAGE_STANDARD = "gnu++0x";
				CLANG_CXX_LIBRARY = "libc++";
				CLANG_ENABLE_MODULES = YES;
				CLANG_ENABLE_OBJC_ARC = YES;
				CLANG_WARN_BOOL_CONVERSION = YES;
				CLANG_WARN_CONSTANT_CONVERSION = YES;
				CLANG_WARN_DIRECT_OBJC_ISA_USAGE = YES_ERROR;
				CLANG_WARN_DOCUMENTATION_COMMENTS = YES;
				CLANG_WARN_EMPTY_BODY = YES;
				CLANG_WARN_ENUM_CONVERSION = YES;
				CLANG_WARN_INFINITE_RECURSION = YES;
				CLANG_WARN_INT_CONVERSION = YES;
				CLANG_WARN_OBJC_ROOT_CLASS = YES_ERROR;
				CLANG_WARN_SUSPICIOUS_MOVE = YES;
				CLANG_WARN_UNREACHABLE_CODE = YES;
				CLANG_WARN__DUPLICATE_METHOD_MATCH = YES;
				"CODE_SIGN_IDENTITY[sdk=iphoneos*]" = "iPhone Developer";
				COPY_PHASE_STRIP = NO;
				DEBUG_INFORMATION_FORMAT = dwarf;
				ENABLE_STRICT_OBJC_MSGSEND = YES;
				ENABLE_TESTABILITY = YES;
				GCC_C_LANGUAGE_STANDARD = gnu99;
				GCC_DYNAMIC_NO_PIC = NO;
				GCC_NO_COMMON_BLOCKS = YES;
				GCC_OPTIMIZATION_LEVEL = 0;
				GCC_PREPROCESSOR_DEFINITIONS = (
					"DEBUG=1",
					"$(inherited)",
				);
				GCC_WARN_64_TO_32_BIT_CONVERSION = YES;
				GCC_WARN_ABOUT_RETURN_TYPE = YES_ERROR;
				GCC_WARN_UNDECLARED_SELECTOR = YES;
				GCC_WARN_UNINITIALIZED_AUTOS = YES_AGGRESSIVE;
				GCC_WARN_UNUSED_FUNCTION = YES;
				GCC_WARN_UNUSED_VARIABLE = YES;
				IPHONEOS_DEPLOYMENT_TARGET = 10.3;
				MTL_ENABLE_DEBUG_INFO = YES;
				ONLY_ACTIVE_ARCH = YES;
				SDKROOT = iphoneos;
				SWIFT_ACTIVE_COMPILATION_CONDITIONS = DEBUG;
				SWIFT_OPTIMIZATION_LEVEL = "-Onone";
				TARGETED_DEVICE_FAMILY = 2;
			};
			name = Debug;
		};
		F3483E841F27FAC2006C0098 /* Release */ = {
			isa = XCBuildConfiguration;
			buildSettings = {
				ALWAYS_SEARCH_USER_PATHS = NO;
				CLANG_ANALYZER_NONNULL = YES;
				CLANG_ANALYZER_NUMBER_OBJECT_CONVERSION = YES_AGGRESSIVE;
				CLANG_CXX_LANGUAGE_STANDARD = "gnu++0x";
				CLANG_CXX_LIBRARY = "libc++";
				CLANG_ENABLE_MODULES = YES;
				CLANG_ENABLE_OBJC_ARC = YES;
				CLANG_WARN_BOOL_CONVERSION = YES;
				CLANG_WARN_CONSTANT_CONVERSION = YES;
				CLANG_WARN_DIRECT_OBJC_ISA_USAGE = YES_ERROR;
				CLANG_WARN_DOCUMENTATION_COMMENTS = YES;
				CLANG_WARN_EMPTY_BODY = YES;
				CLANG_WARN_ENUM_CONVERSION = YES;
				CLANG_WARN_INFINITE_RECURSION = YES;
				CLANG_WARN_INT_CONVERSION = YES;
				CLANG_WARN_OBJC_ROOT_CLASS = YES_ERROR;
				CLANG_WARN_SUSPICIOUS_MOVE = YES;
				CLANG_WARN_UNREACHABLE_CODE = YES;
				CLANG_WARN__DUPLICATE_METHOD_MATCH = YES;
				"CODE_SIGN_IDENTITY[sdk=iphoneos*]" = "iPhone Developer";
				COPY_PHASE_STRIP = NO;
				DEBUG_INFORMATION_FORMAT = "dwarf-with-dsym";
				ENABLE_NS_ASSERTIONS = NO;
				ENABLE_STRICT_OBJC_MSGSEND = YES;
				GCC_C_LANGUAGE_STANDARD = gnu99;
				GCC_NO_COMMON_BLOCKS = YES;
				GCC_WARN_64_TO_32_BIT_CONVERSION = YES;
				GCC_WARN_ABOUT_RETURN_TYPE = YES_ERROR;
				GCC_WARN_UNDECLARED_SELECTOR = YES;
				GCC_WARN_UNINITIALIZED_AUTOS = YES_AGGRESSIVE;
				GCC_WARN_UNUSED_FUNCTION = YES;
				GCC_WARN_UNUSED_VARIABLE = YES;
				IPHONEOS_DEPLOYMENT_TARGET = 10.3;
				MTL_ENABLE_DEBUG_INFO = NO;
				SDKROOT = iphoneos;
				SWIFT_OPTIMIZATION_LEVEL = "-Owholemodule";
				TARGETED_DEVICE_FAMILY = 2;
				VALIDATE_PRODUCT = YES;
			};
			name = Release;
		};
		F3483E861F27FAC2006C0098 /* Debug */ = {
			isa = XCBuildConfiguration;
			buildSettings = {
				ASSETCATALOG_COMPILER_APPICON_NAME = AppIcon;
				INFOPLIST_FILE = 3daudio2/Info.plist;
				LD_RUNPATH_SEARCH_PATHS = "$(inherited) @executable_path/Frameworks";
				PRODUCT_BUNDLE_IDENTIFIER = "com.cosmos.-daudio2";
				PRODUCT_NAME = "$(TARGET_NAME)";
				SWIFT_VERSION = 3.0;
			};
			name = Debug;
		};
		F3483E871F27FAC2006C0098 /* Release */ = {
			isa = XCBuildConfiguration;
			buildSettings = {
				ASSETCATALOG_COMPILER_APPICON_NAME = AppIcon;
				INFOPLIST_FILE = 3daudio2/Info.plist;
				LD_RUNPATH_SEARCH_PATHS = "$(inherited) @executable_path/Frameworks";
				PRODUCT_BUNDLE_IDENTIFIER = "com.cosmos.-daudio2";
				PRODUCT_NAME = "$(TARGET_NAME)";
				SWIFT_VERSION = 3.0;
			};
			name = Release;
		};
/* End XCBuildConfiguration section */

/* Begin XCConfigurationList section */
		F3483E6E1F27FAC2006C0098 /* Build configuration list for PBXProject "3daudio2" */ = {
			isa = XCConfigurationList;
			buildConfigurations = (
				F3483E831F27FAC2006C0098 /* Debug */,
				F3483E841F27FAC2006C0098 /* Release */,
			);
			defaultConfigurationIsVisible = 0;
			defaultConfigurationName = Release;
		};
		F3483E851F27FAC2006C0098 /* Build configuration list for PBXNativeTarget "3daudio2" */ = {
			isa = XCConfigurationList;
			buildConfigurations = (
				F3483E861F27FAC2006C0098 /* Debug */,
				F3483E871F27FAC2006C0098 /* Release */,
			);
			defaultConfigurationIsVisible = 0;
		};
/* End XCConfigurationList section */
	};
	rootObject = F3483E6B1F27FAC2006C0098 /* Project object */;
}
